
Microsoft Visual Studio Solution File, Format Version 12.00
# Visual Studio 15
VisualStudioVersion = 15.0.27130.2027
MinimumVisualStudioVersion = 10.0.40219.1
Project("{FAE04EC0-301F-11D3-BF4B-00C04F79EFBC}") = "DeliverEat", "DeliverEat\DeliverEat.csproj", "{A82E88CA-2899-4C06-9392-B2A2BE46FACF}"
EndProject
Project("{FAE04EC0-301F-11D3-BF4B-00C04F79EFBC}") = "AccesoDatos", "AccesoDatos\AccesoDatos.csproj", "{29712DD2-1813-4BB1-BA91-BACC0B00E9E6}"
EndProject
Global
	GlobalSection(SolutionConfigurationPlatforms) = preSolution
		Debug|Any CPU = Debug|Any CPU
		Release|Any CPU = Release|Any CPU
	EndGlobalSection
	GlobalSection(ProjectConfigurationPlatforms) = postSolution
		{A82E88CA-2899-4C06-9392-B2A2BE46FACF}.Debug|Any CPU.ActiveCfg = Debug|Any CPU
		{A82E88CA-2899-4C06-9392-B2A2BE46FACF}.Debug|Any CPU.Build.0 = Debug|Any CPU
		{A82E88CA-2899-4C06-9392-B2A2BE46FACF}.Release|Any CPU.ActiveCfg = Release|Any CPU
		{A82E88CA-2899-4C06-9392-B2A2BE46FACF}.Release|Any CPU.Build.0 = Release|Any CPU
		{29712DD2-1813-4BB1-BA91-BACC0B00E9E6}.Debug|Any CPU.ActiveCfg = Debug|Any CPU
		{29712DD2-1813-4BB1-BA91-BACC0B00E9E6}.Debug|Any CPU.Build.0 = Debug|Any CPU
		{29712DD2-1813-4BB1-BA91-BACC0B00E9E6}.Release|Any CPU.ActiveCfg = Release|Any CPU
		{29712DD2-1813-4BB1-BA91-BACC0B00E9E6}.Release|Any CPU.Build.0 = Release|Any CPU
	EndGlobalSection
	GlobalSection(SolutionProperties) = preSolution
		HideSolutionNode = FALSE
	EndGlobalSection
	GlobalSection(ExtensibilityGlobals) = postSolution
		SolutionGuid = {C4FC7798-C3D0-4693-A930-363D9CBB29A5}
	EndGlobalSection
EndGlobal
